// !$*UTF8*$!
{
	archiveVersion = 1;
	classes = {
	};
	objectVersion = 55;
	objects = {

/* Begin PBXBuildFile section */
		0635FF6DE1640C82971D4246 /* Pods_ShoppingListTests.framework in Frameworks */ = {isa = PBXBuildFile; fileRef = BEB220C343D628F06CE2EF0C /* Pods_ShoppingListTests.framework */; };
		93612F01B992C888C4C39759 /* Pods_ShoppingList.framework in Frameworks */ = {isa = PBXBuildFile; fileRef = 4F89D8B707064BD0A1F968DD /* Pods_ShoppingList.framework */; };
		E07097142B637C9800914214 /* AppDelegate.swift in Sources */ = {isa = PBXBuildFile; fileRef = E07097132B637C9800914214 /* AppDelegate.swift */; };
		E07097182B637C9800914214 /* ViewController.swift in Sources */ = {isa = PBXBuildFile; fileRef = E07097172B637C9800914214 /* ViewController.swift */; };
		E070971B2B637C9800914214 /* Main.storyboard in Resources */ = {isa = PBXBuildFile; fileRef = E07097192B637C9800914214 /* Main.storyboard */; };
		E070971D2B637C9A00914214 /* Assets.xcassets in Resources */ = {isa = PBXBuildFile; fileRef = E070971C2B637C9A00914214 /* Assets.xcassets */; };
		E07097202B637C9A00914214 /* LaunchScreen.storyboard in Resources */ = {isa = PBXBuildFile; fileRef = E070971E2B637C9A00914214 /* LaunchScreen.storyboard */; };
		E070972B2B637C9A00914214 /* ShoppingListTests.swift in Sources */ = {isa = PBXBuildFile; fileRef = E070972A2B637C9A00914214 /* ShoppingListTests.swift */; };
		E07097352B637C9A00914214 /* ShoppingListUITests.swift in Sources */ = {isa = PBXBuildFile; fileRef = E07097342B637C9A00914214 /* ShoppingListUITests.swift */; };
		E07097372B637C9A00914214 /* ShoppingListUITestsLaunchTests.swift in Sources */ = {isa = PBXBuildFile; fileRef = E07097362B637C9A00914214 /* ShoppingListUITestsLaunchTests.swift */; };
		E070974D2B63816100914214 /* ItemsList.json in Resources */ = {isa = PBXBuildFile; fileRef = E070974C2B63816100914214 /* ItemsList.json */; };
		F9BC2DD5532A14733242E0AF /* Pods_ShoppingList_ShoppingListUITests.framework in Frameworks */ = {isa = PBXBuildFile; fileRef = E7AB6AECD4779591FCBE8EB0 /* Pods_ShoppingList_ShoppingListUITests.framework */; };
/* End PBXBuildFile section */

/* Begin PBXContainerItemProxy section */
		E07097272B637C9A00914214 /* PBXContainerItemProxy */ = {
			isa = PBXContainerItemProxy;
			containerPortal = E07097082B637C9800914214 /* Project object */;
			proxyType = 1;
			remoteGlobalIDString = E070970F2B637C9800914214;
			remoteInfo = ShoppingList;
		};
		E07097312B637C9A00914214 /* PBXContainerItemProxy */ = {
			isa = PBXContainerItemProxy;
			containerPortal = E07097082B637C9800914214 /* Project object */;
			proxyType = 1;
			remoteGlobalIDString = E070970F2B637C9800914214;
			remoteInfo = ShoppingList;
		};
/* End PBXContainerItemProxy section */

/* Begin PBXFileReference section */
		2066DE7C2D3E67EF57684B19 /* Pods-ShoppingList.debug.xcconfig */ = {isa = PBXFileReference; includeInIndex = 1; lastKnownFileType = text.xcconfig; name = "Pods-ShoppingList.debug.xcconfig"; path = "Target Support Files/Pods-ShoppingList/Pods-ShoppingList.debug.xcconfig"; sourceTree = "<group>"; };
		4F89D8B707064BD0A1F968DD /* Pods_ShoppingList.framework */ = {isa = PBXFileReference; explicitFileType = wrapper.framework; includeInIndex = 0; path = Pods_ShoppingList.framework; sourceTree = BUILT_PRODUCTS_DIR; };
		5A020074EC85D4FABE6C985B /* Pods-ShoppingList-ShoppingListUITests.release.xcconfig */ = {isa = PBXFileReference; includeInIndex = 1; lastKnownFileType = text.xcconfig; name = "Pods-ShoppingList-ShoppingListUITests.release.xcconfig"; path = "Target Support Files/Pods-ShoppingList-ShoppingListUITests/Pods-ShoppingList-ShoppingListUITests.release.xcconfig"; sourceTree = "<group>"; };
		7EC904BA37B4262E20AC553B /* Pods-ShoppingListTests.debug.xcconfig */ = {isa = PBXFileReference; includeInIndex = 1; lastKnownFileType = text.xcconfig; name = "Pods-ShoppingListTests.debug.xcconfig"; path = "Target Support Files/Pods-ShoppingListTests/Pods-ShoppingListTests.debug.xcconfig"; sourceTree = "<group>"; };
		866898DE43210DB747D48BBA /* Pods-ShoppingListTests.release.xcconfig */ = {isa = PBXFileReference; includeInIndex = 1; lastKnownFileType = text.xcconfig; name = "Pods-ShoppingListTests.release.xcconfig"; path = "Target Support Files/Pods-ShoppingListTests/Pods-ShoppingListTests.release.xcconfig"; sourceTree = "<group>"; };
		8977D3DBD1D9601C2A9C0646 /* Pods-ShoppingList-ShoppingListUITests.debug.xcconfig */ = {isa = PBXFileReference; includeInIndex = 1; lastKnownFileType = text.xcconfig; name = "Pods-ShoppingList-ShoppingListUITests.debug.xcconfig"; path = "Target Support Files/Pods-ShoppingList-ShoppingListUITests/Pods-ShoppingList-ShoppingListUITests.debug.xcconfig"; sourceTree = "<group>"; };
		BEB220C343D628F06CE2EF0C /* Pods_ShoppingListTests.framework */ = {isa = PBXFileReference; explicitFileType = wrapper.framework; includeInIndex = 0; path = Pods_ShoppingListTests.framework; sourceTree = BUILT_PRODUCTS_DIR; };
		DF61A879768A6CA63CD32D4E /* Pods-ShoppingList.release.xcconfig */ = {isa = PBXFileReference; includeInIndex = 1; lastKnownFileType = text.xcconfig; name = "Pods-ShoppingList.release.xcconfig"; path = "Target Support Files/Pods-ShoppingList/Pods-ShoppingList.release.xcconfig"; sourceTree = "<group>"; };
		E07097102B637C9800914214 /* ShoppingList.app */ = {isa = PBXFileReference; explicitFileType = wrapper.application; includeInIndex = 0; path = ShoppingList.app; sourceTree = BUILT_PRODUCTS_DIR; };
		E07097132B637C9800914214 /* AppDelegate.swift */ = {isa = PBXFileReference; lastKnownFileType = sourcecode.swift; path = AppDelegate.swift; sourceTree = "<group>"; };
		E07097172B637C9800914214 /* ViewController.swift */ = {isa = PBXFileReference; lastKnownFileType = sourcecode.swift; path = ViewController.swift; sourceTree = "<group>"; };
		E070971A2B637C9800914214 /* Base */ = {isa = PBXFileReference; lastKnownFileType = file.storyboard; name = Base; path = Base.lproj/Main.storyboard; sourceTree = "<group>"; };
		E070971C2B637C9A00914214 /* Assets.xcassets */ = {isa = PBXFileReference; lastKnownFileType = folder.assetcatalog; path = Assets.xcassets; sourceTree = "<group>"; };
		E070971F2B637C9A00914214 /* Base */ = {isa = PBXFileReference; lastKnownFileType = file.storyboard; name = Base; path = Base.lproj/LaunchScreen.storyboard; sourceTree = "<group>"; };
		E07097212B637C9A00914214 /* Info.plist */ = {isa = PBXFileReference; lastKnownFileType = text.plist.xml; path = Info.plist; sourceTree = "<group>"; };
		E07097262B637C9A00914214 /* ShoppingListTests.xctest */ = {isa = PBXFileReference; explicitFileType = wrapper.cfbundle; includeInIndex = 0; path = ShoppingListTests.xctest; sourceTree = BUILT_PRODUCTS_DIR; };
		E070972A2B637C9A00914214 /* ShoppingListTests.swift */ = {isa = PBXFileReference; lastKnownFileType = sourcecode.swift; path = ShoppingListTests.swift; sourceTree = "<group>"; };
		E07097302B637C9A00914214 /* ShoppingListUITests.xctest */ = {isa = PBXFileReference; explicitFileType = wrapper.cfbundle; includeInIndex = 0; path = ShoppingListUITests.xctest; sourceTree = BUILT_PRODUCTS_DIR; };
		E07097342B637C9A00914214 /* ShoppingListUITests.swift */ = {isa = PBXFileReference; lastKnownFileType = sourcecode.swift; path = ShoppingListUITests.swift; sourceTree = "<group>"; };
		E07097362B637C9A00914214 /* ShoppingListUITestsLaunchTests.swift */ = {isa = PBXFileReference; lastKnownFileType = sourcecode.swift; path = ShoppingListUITestsLaunchTests.swift; sourceTree = "<group>"; };
		E070974C2B63816100914214 /* ItemsList.json */ = {isa = PBXFileReference; lastKnownFileType = text.json; path = ItemsList.json; sourceTree = "<group>"; };
		E7AB6AECD4779591FCBE8EB0 /* Pods_ShoppingList_ShoppingListUITests.framework */ = {isa = PBXFileReference; explicitFileType = wrapper.framework; includeInIndex = 0; path = Pods_ShoppingList_ShoppingListUITests.framework; sourceTree = BUILT_PRODUCTS_DIR; };
/* End PBXFileReference section */

/* Begin PBXFrameworksBuildPhase section */
		E070970D2B637C9800914214 /* Frameworks */ = {
			isa = PBXFrameworksBuildPhase;
			buildActionMask = 2147483647;
			files = (
				93612F01B992C888C4C39759 /* Pods_ShoppingList.framework in Frameworks */,
			);
			runOnlyForDeploymentPostprocessing = 0;
		};
		E07097232B637C9A00914214 /* Frameworks */ = {
			isa = PBXFrameworksBuildPhase;
			buildActionMask = 2147483647;
			files = (
				0635FF6DE1640C82971D4246 /* Pods_ShoppingListTests.framework in Frameworks */,
			);
			runOnlyForDeploymentPostprocessing = 0;
		};
		E070972D2B637C9A00914214 /* Frameworks */ = {
			isa = PBXFrameworksBuildPhase;
			buildActionMask = 2147483647;
			files = (
				F9BC2DD5532A14733242E0AF /* Pods_ShoppingList_ShoppingListUITests.framework in Frameworks */,
			);
			runOnlyForDeploymentPostprocessing = 0;
		};
/* End PBXFrameworksBuildPhase section */

/* Begin PBXGroup section */
		86B40FC0A6B89F2318CA180F /* Pods */ = {
			isa = PBXGroup;
			children = (
				2066DE7C2D3E67EF57684B19 /* Pods-ShoppingList.debug.xcconfig */,
				DF61A879768A6CA63CD32D4E /* Pods-ShoppingList.release.xcconfig */,
				8977D3DBD1D9601C2A9C0646 /* Pods-ShoppingList-ShoppingListUITests.debug.xcconfig */,
				5A020074EC85D4FABE6C985B /* Pods-ShoppingList-ShoppingListUITests.release.xcconfig */,
				7EC904BA37B4262E20AC553B /* Pods-ShoppingListTests.debug.xcconfig */,
				866898DE43210DB747D48BBA /* Pods-ShoppingListTests.release.xcconfig */,
			);
			path = Pods;
			sourceTree = "<group>";
		};
		C2D47D4B64139CB1CF80365C /* Frameworks */ = {
			isa = PBXGroup;
			children = (
				4F89D8B707064BD0A1F968DD /* Pods_ShoppingList.framework */,
				E7AB6AECD4779591FCBE8EB0 /* Pods_ShoppingList_ShoppingListUITests.framework */,
				BEB220C343D628F06CE2EF0C /* Pods_ShoppingListTests.framework */,
			);
			name = Frameworks;
			sourceTree = "<group>";
		};
		E07097072B637C9800914214 = {
			isa = PBXGroup;
			children = (
				E07097122B637C9800914214 /* ShoppingList */,
				E07097292B637C9A00914214 /* ShoppingListTests */,
				E07097332B637C9A00914214 /* ShoppingListUITests */,
				E07097112B637C9800914214 /* Products */,
				86B40FC0A6B89F2318CA180F /* Pods */,
				C2D47D4B64139CB1CF80365C /* Frameworks */,
			);
			sourceTree = "<group>";
		};
		E07097112B637C9800914214 /* Products */ = {
			isa = PBXGroup;
			children = (
				E07097102B637C9800914214 /* ShoppingList.app */,
				E07097262B637C9A00914214 /* ShoppingListTests.xctest */,
				E07097302B637C9A00914214 /* ShoppingListUITests.xctest */,
			);
			name = Products;
			sourceTree = "<group>";
		};
		E07097122B637C9800914214 /* ShoppingList */ = {
			isa = PBXGroup;
			children = (
				E07097482B637ED800914214 /* Common */,
				E07097472B637ED000914214 /* MockModel */,
				E07097462B637EBF00914214 /* Model */,
				E07097452B637EBA00914214 /* View */,
				E07097442B637EAE00914214 /* ViewModel */,
				E07097172B637C9800914214 /* ViewController.swift */,
				E07097192B637C9800914214 /* Main.storyboard */,
				E07097432B637D3000914214 /* SupportingFiles */,
			);
			path = ShoppingList;
			sourceTree = "<group>";
		};
		E07097292B637C9A00914214 /* ShoppingListTests */ = {
			isa = PBXGroup;
			children = (
				E070972A2B637C9A00914214 /* ShoppingListTests.swift */,
			);
			path = ShoppingListTests;
			sourceTree = "<group>";
		};
		E07097332B637C9A00914214 /* ShoppingListUITests */ = {
			isa = PBXGroup;
			children = (
				E07097342B637C9A00914214 /* ShoppingListUITests.swift */,
				E07097362B637C9A00914214 /* ShoppingListUITestsLaunchTests.swift */,
			);
			path = ShoppingListUITests;
			sourceTree = "<group>";
		};
		E07097432B637D3000914214 /* SupportingFiles */ = {
			isa = PBXGroup;
			children = (
				E07097132B637C9800914214 /* AppDelegate.swift */,
				E070971C2B637C9A00914214 /* Assets.xcassets */,
				E070971E2B637C9A00914214 /* LaunchScreen.storyboard */,
				E07097212B637C9A00914214 /* Info.plist */,
			);
			path = SupportingFiles;
			sourceTree = "<group>";
		};
		E07097442B637EAE00914214 /* ViewModel */ = {
			isa = PBXGroup;
			children = (
			);
			path = ViewModel;
			sourceTree = "<group>";
		};
		E07097452B637EBA00914214 /* View */ = {
			isa = PBXGroup;
			children = (
			);
			path = View;
			sourceTree = "<group>";
		};
		E07097462B637EBF00914214 /* Model */ = {
			isa = PBXGroup;
			children = (
			);
			path = Model;
			sourceTree = "<group>";
		};
		E07097472B637ED000914214 /* MockModel */ = {
			isa = PBXGroup;
			children = (
				E070974C2B63816100914214 /* ItemsList.json */,
			);
			path = MockModel;
			sourceTree = "<group>";
		};
		E07097482B637ED800914214 /* Common */ = {
			isa = PBXGroup;
			children = (
				E070974B2B637EF300914214 /* Protocol */,
				E07097492B637EE300914214 /* Extension */,
				E070974A2B637EED00914214 /* Handler */,
			);
			path = Common;
			sourceTree = "<group>";
		};
		E07097492B637EE300914214 /* Extension */ = {
			isa = PBXGroup;
			children = (
			);
			path = Extension;
			sourceTree = "<group>";
		};
		E070974A2B637EED00914214 /* Handler */ = {
			isa = PBXGroup;
			children = (
			);
			path = Handler;
			sourceTree = "<group>";
		};
		E070974B2B637EF300914214 /* Protocol */ = {
			isa = PBXGroup;
			children = (
			);
			path = Protocol;
			sourceTree = "<group>";
		};
/* End PBXGroup section */

/* Begin PBXNativeTarget section */
		E070970F2B637C9800914214 /* ShoppingList */ = {
			isa = PBXNativeTarget;
			buildConfigurationList = E070973A2B637C9A00914214 /* Build configuration list for PBXNativeTarget "ShoppingList" */;
			buildPhases = (
				E54ABBCF689D24C776FDCDD7 /* [CP] Check Pods Manifest.lock */,
				E070970C2B637C9800914214 /* Sources */,
				E070970D2B637C9800914214 /* Frameworks */,
				E070970E2B637C9800914214 /* Resources */,
				62CC5C5E6041FA6339C7C43F /* [CP] Embed Pods Frameworks */,
			);
			buildRules = (
			);
			dependencies = (
			);
			name = ShoppingList;
			productName = ShoppingList;
			productReference = E07097102B637C9800914214 /* ShoppingList.app */;
			productType = "com.apple.product-type.application";
		};
		E07097252B637C9A00914214 /* ShoppingListTests */ = {
			isa = PBXNativeTarget;
			buildConfigurationList = E070973D2B637C9A00914214 /* Build configuration list for PBXNativeTarget "ShoppingListTests" */;
			buildPhases = (
				9148F4F7F46C0E1370BF8B6D /* [CP] Check Pods Manifest.lock */,
				E07097222B637C9A00914214 /* Sources */,
				E07097232B637C9A00914214 /* Frameworks */,
				E07097242B637C9A00914214 /* Resources */,
			);
			buildRules = (
			);
			dependencies = (
				E07097282B637C9A00914214 /* PBXTargetDependency */,
			);
			name = ShoppingListTests;
			productName = ShoppingListTests;
			productReference = E07097262B637C9A00914214 /* ShoppingListTests.xctest */;
			productType = "com.apple.product-type.bundle.unit-test";
		};
		E070972F2B637C9A00914214 /* ShoppingListUITests */ = {
			isa = PBXNativeTarget;
			buildConfigurationList = E07097402B637C9A00914214 /* Build configuration list for PBXNativeTarget "ShoppingListUITests" */;
			buildPhases = (
				9C7AE140592EABBE36C972C1 /* [CP] Check Pods Manifest.lock */,
				E070972C2B637C9A00914214 /* Sources */,
				E070972D2B637C9A00914214 /* Frameworks */,
				E070972E2B637C9A00914214 /* Resources */,
				AB6133A3D49C334A6D2C64EC /* [CP] Embed Pods Frameworks */,
			);
			buildRules = (
			);
			dependencies = (
				E07097322B637C9A00914214 /* PBXTargetDependency */,
			);
			name = ShoppingListUITests;
			productName = ShoppingListUITests;
			productReference = E07097302B637C9A00914214 /* ShoppingListUITests.xctest */;
			productType = "com.apple.product-type.bundle.ui-testing";
		};
/* End PBXNativeTarget section */

/* Begin PBXProject section */
		E07097082B637C9800914214 /* Project object */ = {
			isa = PBXProject;
			attributes = {
				BuildIndependentTargetsInParallel = 1;
				LastSwiftUpdateCheck = 1300;
				LastUpgradeCheck = 1300;
				TargetAttributes = {
					E070970F2B637C9800914214 = {
						CreatedOnToolsVersion = 13.0;
					};
					E07097252B637C9A00914214 = {
						CreatedOnToolsVersion = 13.0;
						TestTargetID = E070970F2B637C9800914214;
					};
					E070972F2B637C9A00914214 = {
						CreatedOnToolsVersion = 13.0;
						TestTargetID = E070970F2B637C9800914214;
					};
				};
			};
			buildConfigurationList = E070970B2B637C9800914214 /* Build configuration list for PBXProject "ShoppingList" */;
			compatibilityVersion = "Xcode 13.0";
			developmentRegion = en;
			hasScannedForEncodings = 0;
			knownRegions = (
				en,
				Base,
			);
			mainGroup = E07097072B637C9800914214;
			productRefGroup = E07097112B637C9800914214 /* Products */;
			projectDirPath = "";
			projectRoot = "";
			targets = (
				E070970F2B637C9800914214 /* ShoppingList */,
				E07097252B637C9A00914214 /* ShoppingListTests */,
				E070972F2B637C9A00914214 /* ShoppingListUITests */,
			);
		};
/* End PBXProject section */

/* Begin PBXResourcesBuildPhase section */
		E070970E2B637C9800914214 /* Resources */ = {
			isa = PBXResourcesBuildPhase;
			buildActionMask = 2147483647;
			files = (
				E070974D2B63816100914214 /* ItemsList.json in Resources */,
				E07097202B637C9A00914214 /* LaunchScreen.storyboard in Resources */,
				E070971D2B637C9A00914214 /* Assets.xcassets in Resources */,
				E070971B2B637C9800914214 /* Main.storyboard in Resources */,
			);
			runOnlyForDeploymentPostprocessing = 0;
		};
		E07097242B637C9A00914214 /* Resources */ = {
			isa = PBXResourcesBuildPhase;
			buildActionMask = 2147483647;
			files = (
			);
			runOnlyForDeploymentPostprocessing = 0;
		};
		E070972E2B637C9A00914214 /* Resources */ = {
			isa = PBXResourcesBuildPhase;
			buildActionMask = 2147483647;
			files = (
			);
			runOnlyForDeploymentPostprocessing = 0;
		};
/* End PBXResourcesBuildPhase section */

/* Begin PBXShellScriptBuildPhase section */
		62CC5C5E6041FA6339C7C43F /* [CP] Embed Pods Frameworks */ = {
			isa = PBXShellScriptBuildPhase;
			buildActionMask = 2147483647;
			files = (
			);
			inputFileListPaths = (
				"${PODS_ROOT}/Target Support Files/Pods-ShoppingList/Pods-ShoppingList-frameworks-${CONFIGURATION}-input-files.xcfilelist",
			);
			name = "[CP] Embed Pods Frameworks";
			outputFileListPaths = (
				"${PODS_ROOT}/Target Support Files/Pods-ShoppingList/Pods-ShoppingList-frameworks-${CONFIGURATION}-output-files.xcfilelist",
			);
			runOnlyForDeploymentPostprocessing = 0;
			shellPath = /bin/sh;
			shellScript = "\"${PODS_ROOT}/Target Support Files/Pods-ShoppingList/Pods-ShoppingList-frameworks.sh\"\n";
			showEnvVarsInLog = 0;
		};
		9148F4F7F46C0E1370BF8B6D /* [CP] Check Pods Manifest.lock */ = {
			isa = PBXShellScriptBuildPhase;
			buildActionMask = 2147483647;
			files = (
			);
			inputFileListPaths = (
			);
			inputPaths = (
				"${PODS_PODFILE_DIR_PATH}/Podfile.lock",
				"${PODS_ROOT}/Manifest.lock",
			);
			name = "[CP] Check Pods Manifest.lock";
			outputFileListPaths = (
			);
			outputPaths = (
				"$(DERIVED_FILE_DIR)/Pods-ShoppingListTests-checkManifestLockResult.txt",
			);
			runOnlyForDeploymentPostprocessing = 0;
			shellPath = /bin/sh;
			shellScript = "diff \"${PODS_PODFILE_DIR_PATH}/Podfile.lock\" \"${PODS_ROOT}/Manifest.lock\" > /dev/null\nif [ $? != 0 ] ; then\n    # print error to STDERR\n    echo \"error: The sandbox is not in sync with the Podfile.lock. Run 'pod install' or update your CocoaPods installation.\" >&2\n    exit 1\nfi\n# This output is used by Xcode 'outputs' to avoid re-running this script phase.\necho \"SUCCESS\" > \"${SCRIPT_OUTPUT_FILE_0}\"\n";
			showEnvVarsInLog = 0;
		};
		9C7AE140592EABBE36C972C1 /* [CP] Check Pods Manifest.lock */ = {
			isa = PBXShellScriptBuildPhase;
			buildActionMask = 2147483647;
			files = (
			);
			inputFileListPaths = (
			);
			inputPaths = (
				"${PODS_PODFILE_DIR_PATH}/Podfile.lock",
				"${PODS_ROOT}/Manifest.lock",
			);
			name = "[CP] Check Pods Manifest.lock";
			outputFileListPaths = (
			);
			outputPaths = (
				"$(DERIVED_FILE_DIR)/Pods-ShoppingList-ShoppingListUITests-checkManifestLockResult.txt",
			);
			runOnlyForDeploymentPostprocessing = 0;
			shellPath = /bin/sh;
			shellScript = "diff \"${PODS_PODFILE_DIR_PATH}/Podfile.lock\" \"${PODS_ROOT}/Manifest.lock\" > /dev/null\nif [ $? != 0 ] ; then\n    # print error to STDERR\n    echo \"error: The sandbox is not in sync with the Podfile.lock. Run 'pod install' or update your CocoaPods installation.\" >&2\n    exit 1\nfi\n# This output is used by Xcode 'outputs' to avoid re-running this script phase.\necho \"SUCCESS\" > \"${SCRIPT_OUTPUT_FILE_0}\"\n";
			showEnvVarsInLog = 0;
		};
		AB6133A3D49C334A6D2C64EC /* [CP] Embed Pods Frameworks */ = {
			isa = PBXShellScriptBuildPhase;
			buildActionMask = 2147483647;
			files = (
			);
			inputFileListPaths = (
				"${PODS_ROOT}/Target Support Files/Pods-ShoppingList-ShoppingListUITests/Pods-ShoppingList-ShoppingListUITests-frameworks-${CONFIGURATION}-input-files.xcfilelist",
			);
			name = "[CP] Embed Pods Frameworks";
			outputFileListPaths = (
				"${PODS_ROOT}/Target Support Files/Pods-ShoppingList-ShoppingListUITests/Pods-ShoppingList-ShoppingListUITests-frameworks-${CONFIGURATION}-output-files.xcfilelist",
			);
			runOnlyForDeploymentPostprocessing = 0;
			shellPath = /bin/sh;
			shellScript = "\"${PODS_ROOT}/Target Support Files/Pods-ShoppingList-ShoppingListUITests/Pods-ShoppingList-ShoppingListUITests-frameworks.sh\"\n";
			showEnvVarsInLog = 0;
		};
		E54ABBCF689D24C776FDCDD7 /* [CP] Check Pods Manifest.lock */ = {
			isa = PBXShellScriptBuildPhase;
			buildActionMask = 2147483647;
			files = (
			);
			inputFileListPaths = (
			);
			inputPaths = (
				"${PODS_PODFILE_DIR_PATH}/Podfile.lock",
				"${PODS_ROOT}/Manifest.lock",
			);
			name = "[CP] Check Pods Manifest.lock";
			outputFileListPaths = (
			);
			outputPaths = (
				"$(DERIVED_FILE_DIR)/Pods-ShoppingList-checkManifestLockResult.txt",
			);
			runOnlyForDeploymentPostprocessing = 0;
			shellPath = /bin/sh;
			shellScript = "diff \"${PODS_PODFILE_DIR_PATH}/Podfile.lock\" \"${PODS_ROOT}/Manifest.lock\" > /dev/null\nif [ $? != 0 ] ; then\n    # print error to STDERR\n    echo \"error: The sandbox is not in sync with the Podfile.lock. Run 'pod install' or update your CocoaPods installation.\" >&2\n    exit 1\nfi\n# This output is used by Xcode 'outputs' to avoid re-running this script phase.\necho \"SUCCESS\" > \"${SCRIPT_OUTPUT_FILE_0}\"\n";
			showEnvVarsInLog = 0;
		};
/* End PBXShellScriptBuildPhase section */

/* Begin PBXSourcesBuildPhase section */
		E070970C2B637C9800914214 /* Sources */ = {
			isa = PBXSourcesBuildPhase;
			buildActionMask = 2147483647;
			files = (
				E07097182B637C9800914214 /* ViewController.swift in Sources */,
				E07097142B637C9800914214 /* AppDelegate.swift in Sources */,
			);
			runOnlyForDeploymentPostprocessing = 0;
		};
		E07097222B637C9A00914214 /* Sources */ = {
			isa = PBXSourcesBuildPhase;
			buildActionMask = 2147483647;
			files = (
				E070972B2B637C9A00914214 /* ShoppingListTests.swift in Sources */,
			);
			runOnlyForDeploymentPostprocessing = 0;
		};
		E070972C2B637C9A00914214 /* Sources */ = {
			isa = PBXSourcesBuildPhase;
			buildActionMask = 2147483647;
			files = (
				E07097372B637C9A00914214 /* ShoppingListUITestsLaunchTests.swift in Sources */,
				E07097352B637C9A00914214 /* ShoppingListUITests.swift in Sources */,
			);
			runOnlyForDeploymentPostprocessing = 0;
		};
/* End PBXSourcesBuildPhase section */

/* Begin PBXTargetDependency section */
		E07097282B637C9A00914214 /* PBXTargetDependency */ = {
			isa = PBXTargetDependency;
			target = E070970F2B637C9800914214 /* ShoppingList */;
			targetProxy = E07097272B637C9A00914214 /* PBXContainerItemProxy */;
		};
		E07097322B637C9A00914214 /* PBXTargetDependency */ = {
			isa = PBXTargetDependency;
			target = E070970F2B637C9800914214 /* ShoppingList */;
			targetProxy = E07097312B637C9A00914214 /* PBXContainerItemProxy */;
		};
/* End PBXTargetDependency section */

/* Begin PBXVariantGroup section */
		E07097192B637C9800914214 /* Main.storyboard */ = {
			isa = PBXVariantGroup;
			children = (
				E070971A2B637C9800914214 /* Base */,
			);
			name = Main.storyboard;
			sourceTree = "<group>";
		};
		E070971E2B637C9A00914214 /* LaunchScreen.storyboard */ = {
			isa = PBXVariantGroup;
			children = (
				E070971F2B637C9A00914214 /* Base */,
			);
			name = LaunchScreen.storyboard;
			sourceTree = "<group>";
		};
/* End PBXVariantGroup section */

/* Begin XCBuildConfiguration section */
		E07097382B637C9A00914214 /* Debug */ = {
			isa = XCBuildConfiguration;
			buildSettings = {
				ALWAYS_SEARCH_USER_PATHS = NO;
				CLANG_ANALYZER_NONNULL = YES;
				CLANG_ANALYZER_NUMBER_OBJECT_CONVERSION = YES_AGGRESSIVE;
				CLANG_CXX_LANGUAGE_STANDARD = "gnu++17";
				CLANG_CXX_LIBRARY = "libc++";
				CLANG_ENABLE_MODULES = YES;
				CLANG_ENABLE_OBJC_ARC = YES;
				CLANG_ENABLE_OBJC_WEAK = YES;
				CLANG_WARN_BLOCK_CAPTURE_AUTORELEASING = YES;
				CLANG_WARN_BOOL_CONVERSION = YES;
				CLANG_WARN_COMMA = YES;
				CLANG_WARN_CONSTANT_CONVERSION = YES;
				CLANG_WARN_DEPRECATED_OBJC_IMPLEMENTATIONS = YES;
				CLANG_WARN_DIRECT_OBJC_ISA_USAGE = YES_ERROR;
				CLANG_WARN_DOCUMENTATION_COMMENTS = YES;
				CLANG_WARN_EMPTY_BODY = YES;
				CLANG_WARN_ENUM_CONVERSION = YES;
				CLANG_WARN_INFINITE_RECURSION = YES;
				CLANG_WARN_INT_CONVERSION = YES;
				CLANG_WARN_NON_LITERAL_NULL_CONVERSION = YES;
				CLANG_WARN_OBJC_IMPLICIT_RETAIN_SELF = YES;
				CLANG_WARN_OBJC_LITERAL_CONVERSION = YES;
				CLANG_WARN_OBJC_ROOT_CLASS = YES_ERROR;
				CLANG_WARN_QUOTED_INCLUDE_IN_FRAMEWORK_HEADER = YES;
				CLANG_WARN_RANGE_LOOP_ANALYSIS = YES;
				CLANG_WARN_STRICT_PROTOTYPES = YES;
				CLANG_WARN_SUSPICIOUS_MOVE = YES;
				CLANG_WARN_UNGUARDED_AVAILABILITY = YES_AGGRESSIVE;
				CLANG_WARN_UNREACHABLE_CODE = YES;
				CLANG_WARN__DUPLICATE_METHOD_MATCH = YES;
				COPY_PHASE_STRIP = NO;
				DEBUG_INFORMATION_FORMAT = dwarf;
				ENABLE_STRICT_OBJC_MSGSEND = YES;
				ENABLE_TESTABILITY = YES;
				GCC_C_LANGUAGE_STANDARD = gnu11;
				GCC_DYNAMIC_NO_PIC = NO;
				GCC_NO_COMMON_BLOCKS = YES;
				GCC_OPTIMIZATION_LEVEL = 0;
				GCC_PREPROCESSOR_DEFINITIONS = (
					"DEBUG=1",
					"$(inherited)",
				);
				GCC_WARN_64_TO_32_BIT_CONVERSION = YES;
				GCC_WARN_ABOUT_RETURN_TYPE = YES_ERROR;
				GCC_WARN_UNDECLARED_SELECTOR = YES;
				GCC_WARN_UNINITIALIZED_AUTOS = YES_AGGRESSIVE;
				GCC_WARN_UNUSED_FUNCTION = YES;
				GCC_WARN_UNUSED_VARIABLE = YES;
				IPHONEOS_DEPLOYMENT_TARGET = 15.0;
				MTL_ENABLE_DEBUG_INFO = INCLUDE_SOURCE;
				MTL_FAST_MATH = YES;
				ONLY_ACTIVE_ARCH = YES;
				SDKROOT = iphoneos;
				SWIFT_ACTIVE_COMPILATION_CONDITIONS = DEBUG;
				SWIFT_OPTIMIZATION_LEVEL = "-Onone";
			};
			name = Debug;
		};
		E07097392B637C9A00914214 /* Release */ = {
			isa = XCBuildConfiguration;
			buildSettings = {
				ALWAYS_SEARCH_USER_PATHS = NO;
				CLANG_ANALYZER_NONNULL = YES;
				CLANG_ANALYZER_NUMBER_OBJECT_CONVERSION = YES_AGGRESSIVE;
				CLANG_CXX_LANGUAGE_STANDARD = "gnu++17";
				CLANG_CXX_LIBRARY = "libc++";
				CLANG_ENABLE_MODULES = YES;
				CLANG_ENABLE_OBJC_ARC = YES;
				CLANG_ENABLE_OBJC_WEAK = YES;
				CLANG_WARN_BLOCK_CAPTURE_AUTORELEASING = YES;
				CLANG_WARN_BOOL_CONVERSION = YES;
				CLANG_WARN_COMMA = YES;
				CLANG_WARN_CONSTANT_CONVERSION = YES;
				CLANG_WARN_DEPRECATED_OBJC_IMPLEMENTATIONS = YES;
				CLANG_WARN_DIRECT_OBJC_ISA_USAGE = YES_ERROR;
				CLANG_WARN_DOCUMENTATION_COMMENTS = YES;
				CLANG_WARN_EMPTY_BODY = YES;
				CLANG_WARN_ENUM_CONVERSION = YES;
				CLANG_WARN_INFINITE_RECURSION = YES;
				CLANG_WARN_INT_CONVERSION = YES;
				CLANG_WARN_NON_LITERAL_NULL_CONVERSION = YES;
				CLANG_WARN_OBJC_IMPLICIT_RETAIN_SELF = YES;
				CLANG_WARN_OBJC_LITERAL_CONVERSION = YES;
				CLANG_WARN_OBJC_ROOT_CLASS = YES_ERROR;
				CLANG_WARN_QUOTED_INCLUDE_IN_FRAMEWORK_HEADER = YES;
				CLANG_WARN_RANGE_LOOP_ANALYSIS = YES;
				CLANG_WARN_STRICT_PROTOTYPES = YES;
				CLANG_WARN_SUSPICIOUS_MOVE = YES;
				CLANG_WARN_UNGUARDED_AVAILABILITY = YES_AGGRESSIVE;
				CLANG_WARN_UNREACHABLE_CODE = YES;
				CLANG_WARN__DUPLICATE_METHOD_MATCH = YES;
				COPY_PHASE_STRIP = NO;
				DEBUG_INFORMATION_FORMAT = "dwarf-with-dsym";
				ENABLE_NS_ASSERTIONS = NO;
				ENABLE_STRICT_OBJC_MSGSEND = YES;
				GCC_C_LANGUAGE_STANDARD = gnu11;
				GCC_NO_COMMON_BLOCKS = YES;
				GCC_WARN_64_TO_32_BIT_CONVERSION = YES;
				GCC_WARN_ABOUT_RETURN_TYPE = YES_ERROR;
				GCC_WARN_UNDECLARED_SELECTOR = YES;
				GCC_WARN_UNINITIALIZED_AUTOS = YES_AGGRESSIVE;
				GCC_WARN_UNUSED_FUNCTION = YES;
				GCC_WARN_UNUSED_VARIABLE = YES;
				IPHONEOS_DEPLOYMENT_TARGET = 15.0;
				MTL_ENABLE_DEBUG_INFO = NO;
				MTL_FAST_MATH = YES;
				SDKROOT = iphoneos;
				SWIFT_COMPILATION_MODE = wholemodule;
				SWIFT_OPTIMIZATION_LEVEL = "-O";
				VALIDATE_PRODUCT = YES;
			};
			name = Release;
		};
		E070973B2B637C9A00914214 /* Debug */ = {
			isa = XCBuildConfiguration;
			baseConfigurationReference = 2066DE7C2D3E67EF57684B19 /* Pods-ShoppingList.debug.xcconfig */;
			buildSettings = {
				ASSETCATALOG_COMPILER_APPICON_NAME = AppIcon;
				ASSETCATALOG_COMPILER_GLOBAL_ACCENT_COLOR_NAME = AccentColor;
				CODE_SIGN_STYLE = Automatic;
				CURRENT_PROJECT_VERSION = 1;
				DEVELOPMENT_TEAM = 4B6HF4627C;
				GENERATE_INFOPLIST_FILE = YES;
				INFOPLIST_FILE = ShoppingList/SupportingFiles/Info.plist;
				INFOPLIST_KEY_CFBundleDisplayName = "Shopping List";
				INFOPLIST_KEY_UIApplicationSupportsIndirectInputEvents = YES;
				INFOPLIST_KEY_UILaunchStoryboardName = LaunchScreen;
				INFOPLIST_KEY_UIMainStoryboardFile = Main;
				INFOPLIST_KEY_UISupportedInterfaceOrientations = "UIInterfaceOrientationPortrait UIInterfaceOrientationLandscapeLeft UIInterfaceOrientationLandscapeRight";
				INFOPLIST_KEY_UISupportedInterfaceOrientations_iPad = "UIInterfaceOrientationPortrait UIInterfaceOrientationPortraitUpsideDown UIInterfaceOrientationLandscapeLeft UIInterfaceOrientationLandscapeRight";
				INFOPLIST_KEY_UISupportedInterfaceOrientations_iPhone = "UIInterfaceOrientationPortrait UIInterfaceOrientationLandscapeLeft UIInterfaceOrientationLandscapeRight";
				LD_RUNPATH_SEARCH_PATHS = (
					"$(inherited)",
					"@executable_path/Frameworks",
				);
				MARKETING_VERSION = 1.0;
				PRODUCT_BUNDLE_IDENTIFIER = com.AhmadRagab.ShoppingList;
				PRODUCT_NAME = "$(TARGET_NAME)";
				SWIFT_EMIT_LOC_STRINGS = YES;
				SWIFT_VERSION = 5.0;
				TARGETED_DEVICE_FAMILY = 1;
			};
			name = Debug;
		};
		E070973C2B637C9A00914214 /* Release */ = {
			isa = XCBuildConfiguration;
			baseConfigurationReference = DF61A879768A6CA63CD32D4E /* Pods-ShoppingList.release.xcconfig */;
			buildSettings = {
				ASSETCATALOG_COMPILER_APPICON_NAME = AppIcon;
				ASSETCATALOG_COMPILER_GLOBAL_ACCENT_COLOR_NAME = AccentColor;
				CODE_SIGN_STYLE = Automatic;
				CURRENT_PROJECT_VERSION = 1;
				DEVELOPMENT_TEAM = 4B6HF4627C;
				GENERATE_INFOPLIST_FILE = YES;
				INFOPLIST_FILE = ShoppingList/SupportingFiles/Info.plist;
				INFOPLIST_KEY_CFBundleDisplayName = "Shopping List";
				INFOPLIST_KEY_UIApplicationSupportsIndirectInputEvents = YES;
				INFOPLIST_KEY_UILaunchStoryboardName = LaunchScreen;
				INFOPLIST_KEY_UIMainStoryboardFile = Main;
				INFOPLIST_KEY_UISupportedInterfaceOrientations = "UIInterfaceOrientationPortrait UIInterfaceOrientationLandscapeLeft UIInterfaceOrientationLandscapeRight";
				INFOPLIST_KEY_UISupportedInterfaceOrientations_iPad = "UIInterfaceOrientationPortrait UIInterfaceOrientationPortraitUpsideDown UIInterfaceOrientationLandscapeLeft UIInterfaceOrientationLandscapeRight";
				INFOPLIST_KEY_UISupportedInterfaceOrientations_iPhone = "UIInterfaceOrientationPortrait UIInterfaceOrientationLandscapeLeft UIInterfaceOrientationLandscapeRight";
				LD_RUNPATH_SEARCH_PATHS = (
					"$(inherited)",
					"@executable_path/Frameworks",
				);
				MARKETING_VERSION = 1.0;
				PRODUCT_BUNDLE_IDENTIFIER = com.AhmadRagab.ShoppingList;
				PRODUCT_NAME = "$(TARGET_NAME)";
				SWIFT_EMIT_LOC_STRINGS = YES;
				SWIFT_VERSION = 5.0;
				TARGETED_DEVICE_FAMILY = 1;
			};
			name = Release;
		};
		E070973E2B637C9A00914214 /* Debug */ = {
			isa = XCBuildConfiguration;
			baseConfigurationReference = 7EC904BA37B4262E20AC553B /* Pods-ShoppingListTests.debug.xcconfig */;
			buildSettings = {
				ALWAYS_EMBED_SWIFT_STANDARD_LIBRARIES = YES;
				BUNDLE_LOADER = "$(TEST_HOST)";
				CODE_SIGN_STYLE = Automatic;
				CURRENT_PROJECT_VERSION = 1;
				DEVELOPMENT_TEAM = 4B6HF4627C;
				GENERATE_INFOPLIST_FILE = YES;
				IPHONEOS_DEPLOYMENT_TARGET = 15.0;
				LD_RUNPATH_SEARCH_PATHS = (
					"$(inherited)",
					"@executable_path/Frameworks",
					"@loader_path/Frameworks",
				);
				MARKETING_VERSION = 1.0;
				PRODUCT_BUNDLE_IDENTIFIER = com.AhmadRagab.ShoppingListTests;
				PRODUCT_NAME = "$(TARGET_NAME)";
				SWIFT_EMIT_LOC_STRINGS = NO;
				SWIFT_VERSION = 5.0;
				TARGETED_DEVICE_FAMILY = "1,2";
				TEST_HOST = "$(BUILT_PRODUCTS_DIR)/ShoppingList.app/ShoppingList";
			};
			name = Debug;
		};
		E070973F2B637C9A00914214 /* Release */ = {
			isa = XCBuildConfiguration;
			baseConfigurationReference = 866898DE43210DB747D48BBA /* Pods-ShoppingListTests.release.xcconfig */;
			buildSettings = {
				ALWAYS_EMBED_SWIFT_STANDARD_LIBRARIES = YES;
				BUNDLE_LOADER = "$(TEST_HOST)";
				CODE_SIGN_STYLE = Automatic;
				CURRENT_PROJECT_VERSION = 1;
				DEVELOPMENT_TEAM = 4B6HF4627C;
				GENERATE_INFOPLIST_FILE = YES;
				IPHONEOS_DEPLOYMENT_TARGET = 15.0;
				LD_RUNPATH_SEARCH_PATHS = (
					"$(inherited)",
					"@executable_path/Frameworks",
					"@loader_path/Frameworks",
				);
				MARKETING_VERSION = 1.0;
				PRODUCT_BUNDLE_IDENTIFIER = com.AhmadRagab.ShoppingListTests;
				PRODUCT_NAME = "$(TARGET_NAME)";
				SWIFT_EMIT_LOC_STRINGS = NO;
				SWIFT_VERSION = 5.0;
				TARGETED_DEVICE_FAMILY = "1,2";
				TEST_HOST = "$(BUILT_PRODUCTS_DIR)/ShoppingList.app/ShoppingList";
			};
			name = Release;
		};
		E07097412B637C9A00914214 /* Debug */ = {
			isa = XCBuildConfiguration;
			baseConfigurationReference = 8977D3DBD1D9601C2A9C0646 /* Pods-ShoppingList-ShoppingListUITests.debug.xcconfig */;
			buildSettings = {
				ALWAYS_EMBED_SWIFT_STANDARD_LIBRARIES = YES;
				CODE_SIGN_STYLE = Automatic;
				CURRENT_PROJECT_VERSION = 1;
				DEVELOPMENT_TEAM = 4B6HF4627C;
				GENERATE_INFOPLIST_FILE = YES;
				LD_RUNPATH_SEARCH_PATHS = (
					"$(inherited)",
					"@executable_path/Frameworks",
					"@loader_path/Frameworks",
				);
				MARKETING_VERSION = 1.0;
				PRODUCT_BUNDLE_IDENTIFIER = com.AhmadRagab.ShoppingListUITests;
				PRODUCT_NAME = "$(TARGET_NAME)";
				SWIFT_EMIT_LOC_STRINGS = NO;
				SWIFT_VERSION = 5.0;
				TARGETED_DEVICE_FAMILY = "1,2";
				TEST_TARGET_NAME = ShoppingList;
			};
			name = Debug;
		};
		E07097422B637C9A00914214 /* Release */ = {
			isa = XCBuildConfiguration;
			baseConfigurationReference = 5A020074EC85D4FABE6C985B /* Pods-ShoppingList-ShoppingListUITests.release.xcconfig */;
			buildSettings = {
				ALWAYS_EMBED_SWIFT_STANDARD_LIBRARIES = YES;
				CODE_SIGN_STYLE = Automatic;
				CURRENT_PROJECT_VERSION = 1;
				DEVELOPMENT_TEAM = 4B6HF4627C;
				GENERATE_INFOPLIST_FILE = YES;
				LD_RUNPATH_SEARCH_PATHS = (
					"$(inherited)",
					"@executable_path/Frameworks",
					"@loader_path/Frameworks",
				);
				MARKETING_VERSION = 1.0;
				PRODUCT_BUNDLE_IDENTIFIER = com.AhmadRagab.ShoppingListUITests;
				PRODUCT_NAME = "$(TARGET_NAME)";
				SWIFT_EMIT_LOC_STRINGS = NO;
				SWIFT_VERSION = 5.0;
				TARGETED_DEVICE_FAMILY = "1,2";
				TEST_TARGET_NAME = ShoppingList;
			};
			name = Release;
		};
/* End XCBuildConfiguration section */

/* Begin XCConfigurationList section */
		E070970B2B637C9800914214 /* Build configuration list for PBXProject "ShoppingList" */ = {
			isa = XCConfigurationList;
			buildConfigurations = (
				E07097382B637C9A00914214 /* Debug */,
				E07097392B637C9A00914214 /* Release */,
			);
			defaultConfigurationIsVisible = 0;
			defaultConfigurationName = Release;
		};
		E070973A2B637C9A00914214 /* Build configuration list for PBXNativeTarget "ShoppingList" */ = {
			isa = XCConfigurationList;
			buildConfigurations = (
				E070973B2B637C9A00914214 /* Debug */,
				E070973C2B637C9A00914214 /* Release */,
			);
			defaultConfigurationIsVisible = 0;
			defaultConfigurationName = Release;
		};
		E070973D2B637C9A00914214 /* Build configuration list for PBXNativeTarget "ShoppingListTests" */ = {
			isa = XCConfigurationList;
			buildConfigurations = (
				E070973E2B637C9A00914214 /* Debug */,
				E070973F2B637C9A00914214 /* Release */,
			);
			defaultConfigurationIsVisible = 0;
			defaultConfigurationName = Release;
		};
		E07097402B637C9A00914214 /* Build configuration list for PBXNativeTarget "ShoppingListUITests" */ = {
			isa = XCConfigurationList;
			buildConfigurations = (
				E07097412B637C9A00914214 /* Debug */,
				E07097422B637C9A00914214 /* Release */,
			);
			defaultConfigurationIsVisible = 0;
			defaultConfigurationName = Release;
		};
/* End XCConfigurationList section */
	};
	rootObject = E07097082B637C9800914214 /* Project object */;
}
